
Microsoft Visual Studio Solution File, Format Version 12.00
# Visual Studio Version 16
VisualStudioVersion = 16.0.29411.108
MinimumVisualStudioVersion = 10.0.40219.1
Project("{FAE04EC0-301F-11D3-BF4B-00C04F79EFBC}") = "OrderAppTshirt.Android", "OrderAppTshirt\OrderAppTshirt.Android\OrderAppTshirt.Android.csproj", "{3071EBCD-3F79-4048-A555-1E6D8EFE78AA}"
EndProject
Project("{FAE04EC0-301F-11D3-BF4B-00C04F79EFBC}") = "OrderAppTshirt.iOS", "OrderAppTshirt\OrderAppTshirt.iOS\OrderAppTshirt.iOS.csproj", "{B7B362D1-F7E1-4BC7-B9DA-C8704EA349E0}"
EndProject
Project("{9A19103F-16F7-4668-BE54-9A1E7A4F7556}") = "OrderAppTshirt", "OrderAppTshirt\OrderAppTshirt\OrderAppTshirt.csproj", "{FD4CD462-E516-4879-8DD8-D40B6048AB89}"
EndProject
Project("{9A19103F-16F7-4668-BE54-9A1E7A4F7556}") = "WebApplication", "WebApplication\WebApplication.csproj", "{30402234-A1D3-449F-B00C-98BB93C8527F}"
EndProject
Project("{FAE04EC0-301F-11D3-BF4B-00C04F79EFBC}") = "PrismModule", "PrismModule\PrismModule.csproj", "{BBCEF0D4-6233-4B4B-A118-95072BECE57B}"
EndProject
Global
	GlobalSection(SolutionConfigurationPlatforms) = preSolution
		Debug|Any CPU = Debug|Any CPU
		Debug|iPhone = Debug|iPhone
		Debug|iPhoneSimulator = Debug|iPhoneSimulator
		Release|Any CPU = Release|Any CPU
		Release|iPhone = Release|iPhone
		Release|iPhoneSimulator = Release|iPhoneSimulator
	EndGlobalSection
	GlobalSection(ProjectConfigurationPlatforms) = postSolution
		{3071EBCD-3F79-4048-A555-1E6D8EFE78AA}.Debug|Any CPU.ActiveCfg = Debug|Any CPU
		{3071EBCD-3F79-4048-A555-1E6D8EFE78AA}.Debug|Any CPU.Build.0 = Debug|Any CPU
		{3071EBCD-3F79-4048-A555-1E6D8EFE78AA}.Debug|Any CPU.Deploy.0 = Debug|Any CPU
		{3071EBCD-3F79-4048-A555-1E6D8EFE78AA}.Debug|iPhone.ActiveCfg = Debug|Any CPU
		{3071EBCD-3F79-4048-A555-1E6D8EFE78AA}.Debug|iPhone.Build.0 = Debug|Any CPU
		{3071EBCD-3F79-4048-A555-1E6D8EFE78AA}.Debug|iPhone.Deploy.0 = Debug|Any CPU
		{3071EBCD-3F79-4048-A555-1E6D8EFE78AA}.Debug|iPhoneSimulator.ActiveCfg = Debug|Any CPU
		{3071EBCD-3F79-4048-A555-1E6D8EFE78AA}.Debug|iPhoneSimulator.Build.0 = Debug|Any CPU
		{3071EBCD-3F79-4048-A555-1E6D8EFE78AA}.Debug|iPhoneSimulator.Deploy.0 = Debug|Any CPU
		{3071EBCD-3F79-4048-A555-1E6D8EFE78AA}.Release|Any CPU.ActiveCfg = Release|Any CPU
		{3071EBCD-3F79-4048-A555-1E6D8EFE78AA}.Release|Any CPU.Build.0 = Release|Any CPU
		{3071EBCD-3F79-4048-A555-1E6D8EFE78AA}.Release|Any CPU.Deploy.0 = Release|Any CPU
		{3071EBCD-3F79-4048-A555-1E6D8EFE78AA}.Release|iPhone.ActiveCfg = Release|Any CPU
		{3071EBCD-3F79-4048-A555-1E6D8EFE78AA}.Release|iPhone.Build.0 = Release|Any CPU
		{3071EBCD-3F79-4048-A555-1E6D8EFE78AA}.Release|iPhone.Deploy.0 = Release|Any CPU
		{3071EBCD-3F79-4048-A555-1E6D8EFE78AA}.Release|iPhoneSimulator.ActiveCfg = Release|Any CPU
		{3071EBCD-3F79-4048-A555-1E6D8EFE78AA}.Release|iPhoneSimulator.Build.0 = Release|Any CPU
		{3071EBCD-3F79-4048-A555-1E6D8EFE78AA}.Release|iPhoneSimulator.Deploy.0 = Release|Any CPU
		{B7B362D1-F7E1-4BC7-B9DA-C8704EA349E0}.Debug|Any CPU.ActiveCfg = Debug|iPhoneSimulator
		{B7B362D1-F7E1-4BC7-B9DA-C8704EA349E0}.Debug|Any CPU.Build.0 = Debug|iPhoneSimulator
		{B7B362D1-F7E1-4BC7-B9DA-C8704EA349E0}.Debug|Any CPU.Deploy.0 = Debug|iPhoneSimulator
		{B7B362D1-F7E1-4BC7-B9DA-C8704EA349E0}.Debug|iPhone.ActiveCfg = Debug|iPhone
		{B7B362D1-F7E1-4BC7-B9DA-C8704EA349E0}.Debug|iPhone.Build.0 = Debug|iPhone
		{B7B362D1-F7E1-4BC7-B9DA-C8704EA349E0}.Debug|iPhone.Deploy.0 = Debug|iPhone
		{B7B362D1-F7E1-4BC7-B9DA-C8704EA349E0}.Debug|iPhoneSimulator.ActiveCfg = Debug|iPhoneSimulator
		{B7B362D1-F7E1-4BC7-B9DA-C8704EA349E0}.Debug|iPhoneSimulator.Build.0 = Debug|iPhoneSimulator
		{B7B362D1-F7E1-4BC7-B9DA-C8704EA349E0}.Debug|iPhoneSimulator.Deploy.0 = Debug|iPhoneSimulator
		{B7B362D1-F7E1-4BC7-B9DA-C8704EA349E0}.Release|Any CPU.ActiveCfg = Release|iPhone
		{B7B362D1-F7E1-4BC7-B9DA-C8704EA349E0}.Release|Any CPU.Build.0 = Release|iPhone
		{B7B362D1-F7E1-4BC7-B9DA-C8704EA349E0}.Release|Any CPU.Deploy.0 = Release|iPhone
		{B7B362D1-F7E1-4BC7-B9DA-C8704EA349E0}.Release|iPhone.ActiveCfg = Release|iPhone
		{B7B362D1-F7E1-4BC7-B9DA-C8704EA349E0}.Release|iPhone.Build.0 = Release|iPhone
		{B7B362D1-F7E1-4BC7-B9DA-C8704EA349E0}.Release|iPhone.Deploy.0 = Release|iPhone
		{B7B362D1-F7E1-4BC7-B9DA-C8704EA349E0}.Release|iPhoneSimulator.ActiveCfg = Release|iPhoneSimulator
		{B7B362D1-F7E1-4BC7-B9DA-C8704EA349E0}.Release|iPhoneSimulator.Build.0 = Release|iPhoneSimulator
		{B7B362D1-F7E1-4BC7-B9DA-C8704EA349E0}.Release|iPhoneSimulator.Deploy.0 = Release|iPhoneSimulator
		{FD4CD462-E516-4879-8DD8-D40B6048AB89}.Debug|Any CPU.ActiveCfg = Debug|Any CPU
		{FD4CD462-E516-4879-8DD8-D40B6048AB89}.Debug|Any CPU.Build.0 = Debug|Any CPU
		{FD4CD462-E516-4879-8DD8-D40B6048AB89}.Debug|Any CPU.Deploy.0 = Debug|Any CPU
		{FD4CD462-E516-4879-8DD8-D40B6048AB89}.Debug|iPhone.ActiveCfg = Debug|Any CPU
		{FD4CD462-E516-4879-8DD8-D40B6048AB89}.Debug|iPhone.Build.0 = Debug|Any CPU
		{FD4CD462-E516-4879-8DD8-D40B6048AB89}.Debug|iPhone.Deploy.0 = Debug|Any CPU
		{FD4CD462-E516-4879-8DD8-D40B6048AB89}.Debug|iPhoneSimulator.ActiveCfg = Debug|Any CPU
		{FD4CD462-E516-4879-8DD8-D40B6048AB89}.Debug|iPhoneSimulator.Build.0 = Debug|Any CPU
		{FD4CD462-E516-4879-8DD8-D40B6048AB89}.Debug|iPhoneSimulator.Deploy.0 = Debug|Any CPU
		{FD4CD462-E516-4879-8DD8-D40B6048AB89}.Release|Any CPU.ActiveCfg = Release|Any CPU
		{FD4CD462-E516-4879-8DD8-D40B6048AB89}.Release|Any CPU.Build.0 = Release|Any CPU
		{FD4CD462-E516-4879-8DD8-D40B6048AB89}.Release|Any CPU.Deploy.0 = Release|Any CPU
		{FD4CD462-E516-4879-8DD8-D40B6048AB89}.Release|iPhone.ActiveCfg = Release|Any CPU
		{FD4CD462-E516-4879-8DD8-D40B6048AB89}.Release|iPhone.Build.0 = Release|Any CPU
		{FD4CD462-E516-4879-8DD8-D40B6048AB89}.Release|iPhone.Deploy.0 = Release|Any CPU
		{FD4CD462-E516-4879-8DD8-D40B6048AB89}.Release|iPhoneSimulator.ActiveCfg = Release|Any CPU
		{FD4CD462-E516-4879-8DD8-D40B6048AB89}.Release|iPhoneSimulator.Build.0 = Release|Any CPU
		{FD4CD462-E516-4879-8DD8-D40B6048AB89}.Release|iPhoneSimulator.Deploy.0 = Release|Any CPU
		{30402234-A1D3-449F-B00C-98BB93C8527F}.Debug|Any CPU.ActiveCfg = Debug|Any CPU
		{30402234-A1D3-449F-B00C-98BB93C8527F}.Debug|Any CPU.Build.0 = Debug|Any CPU
		{30402234-A1D3-449F-B00C-98BB93C8527F}.Debug|iPhone.ActiveCfg = Debug|Any CPU
		{30402234-A1D3-449F-B00C-98BB93C8527F}.Debug|iPhone.Build.0 = Debug|Any CPU
		{30402234-A1D3-449F-B00C-98BB93C8527F}.Debug|iPhoneSimulator.ActiveCfg = Debug|Any CPU
		{30402234-A1D3-449F-B00C-98BB93C8527F}.Debug|iPhoneSimulator.Build.0 = Debug|Any CPU
		{30402234-A1D3-449F-B00C-98BB93C8527F}.Release|Any CPU.ActiveCfg = Release|Any CPU
		{30402234-A1D3-449F-B00C-98BB93C8527F}.Release|Any CPU.Build.0 = Release|Any CPU
		{30402234-A1D3-449F-B00C-98BB93C8527F}.Release|iPhone.ActiveCfg = Release|Any CPU
		{30402234-A1D3-449F-B00C-98BB93C8527F}.Release|iPhone.Build.0 = Release|Any CPU
		{30402234-A1D3-449F-B00C-98BB93C8527F}.Release|iPhoneSimulator.ActiveCfg = Release|Any CPU
		{30402234-A1D3-449F-B00C-98BB93C8527F}.Release|iPhoneSimulator.Build.0 = Release|Any CPU
		{BBCEF0D4-6233-4B4B-A118-95072BECE57B}.Debug|Any CPU.ActiveCfg = Debug|Any CPU
		{BBCEF0D4-6233-4B4B-A118-95072BECE57B}.Debug|Any CPU.Build.0 = Debug|Any CPU
		{BBCEF0D4-6233-4B4B-A118-95072BECE57B}.Debug|iPhone.ActiveCfg = Debug|Any CPU
		{BBCEF0D4-6233-4B4B-A118-95072BECE57B}.Debug|iPhone.Build.0 = Debug|Any CPU
		{BBCEF0D4-6233-4B4B-A118-95072BECE57B}.Debug|iPhoneSimulator.ActiveCfg = Debug|Any CPU
		{BBCEF0D4-6233-4B4B-A118-95072BECE57B}.Debug|iPhoneSimulator.Build.0 = Debug|Any CPU
		{BBCEF0D4-6233-4B4B-A118-95072BECE57B}.Release|Any CPU.ActiveCfg = Release|Any CPU
		{BBCEF0D4-6233-4B4B-A118-95072BECE57B}.Release|Any CPU.Build.0 = Release|Any CPU
		{BBCEF0D4-6233-4B4B-A118-95072BECE57B}.Release|iPhone.ActiveCfg = Release|Any CPU
		{BBCEF0D4-6233-4B4B-A118-95072BECE57B}.Release|iPhone.Build.0 = Release|Any CPU
		{BBCEF0D4-6233-4B4B-A118-95072BECE57B}.Release|iPhoneSimulator.ActiveCfg = Release|Any CPU
		{BBCEF0D4-6233-4B4B-A118-95072BECE57B}.Release|iPhoneSimulator.Build.0 = Release|Any CPU
	EndGlobalSection
	GlobalSection(SolutionProperties) = preSolution
		HideSolutionNode = FALSE
	EndGlobalSection
	GlobalSection(ExtensibilityGlobals) = postSolution
		SolutionGuid = {DC970A16-A5DE-4426-A94E-E47FBE9F52B4}
	EndGlobalSection
EndGlobal
